// !$*UTF8*$!
{
	archiveVersion = 1;
	classes = {
	};
	objectVersion = 50;
	objects = {

/* Begin PBXBuildFile section */
		C38A3AC22654EEC10075B76D /* AppDelegate.swift in Sources */ = {isa = PBXBuildFile; fileRef = C38A3AC12654EEC10075B76D /* AppDelegate.swift */; };
		C38A3AC42654EEC10075B76D /* SceneDelegate.swift in Sources */ = {isa = PBXBuildFile; fileRef = C38A3AC32654EEC10075B76D /* SceneDelegate.swift */; };
		C38A3AC62654EEC10075B76D /* ContentView.swift in Sources */ = {isa = PBXBuildFile; fileRef = C38A3AC52654EEC10075B76D /* ContentView.swift */; };
		C38A3AC82654EEC20075B76D /* Assets.xcassets in Resources */ = {isa = PBXBuildFile; fileRef = C38A3AC72654EEC20075B76D /* Assets.xcassets */; };
		C38A3ACB2654EEC20075B76D /* Preview Assets.xcassets in Resources */ = {isa = PBXBuildFile; fileRef = C38A3ACA2654EEC20075B76D /* Preview Assets.xcassets */; };
		C38A3ACE2654EEC20075B76D /* LaunchScreen.storyboard in Resources */ = {isa = PBXBuildFile; fileRef = C38A3ACC2654EEC20075B76D /* LaunchScreen.storyboard */; };
		C38A3AD92654EEC20075B76D /* CinemaForMeTests.swift in Sources */ = {isa = PBXBuildFile; fileRef = C38A3AD82654EEC20075B76D /* CinemaForMeTests.swift */; };
		C38A3AE42654EEC20075B76D /* CinemaForMeUITests.swift in Sources */ = {isa = PBXBuildFile; fileRef = C38A3AE32654EEC20075B76D /* CinemaForMeUITests.swift */; };
/* End PBXBuildFile section */

/* Begin PBXContainerItemProxy section */
		C38A3AD52654EEC20075B76D /* PBXContainerItemProxy */ = {
			isa = PBXContainerItemProxy;
			containerPortal = C38A3AB62654EEC10075B76D /* Project object */;
			proxyType = 1;
			remoteGlobalIDString = C38A3ABD2654EEC10075B76D;
			remoteInfo = CinemaForMe;
		};
		C38A3AE02654EEC20075B76D /* PBXContainerItemProxy */ = {
			isa = PBXContainerItemProxy;
			containerPortal = C38A3AB62654EEC10075B76D /* Project object */;
			proxyType = 1;
			remoteGlobalIDString = C38A3ABD2654EEC10075B76D;
			remoteInfo = CinemaForMe;
		};
/* End PBXContainerItemProxy section */

/* Begin PBXFileReference section */
		C38A3ABE2654EEC10075B76D /* CinemaForMe.app */ = {isa = PBXFileReference; explicitFileType = wrapper.application; includeInIndex = 0; path = CinemaForMe.app; sourceTree = BUILT_PRODUCTS_DIR; };
		C38A3AC12654EEC10075B76D /* AppDelegate.swift */ = {isa = PBXFileReference; lastKnownFileType = sourcecode.swift; path = AppDelegate.swift; sourceTree = "<group>"; };
		C38A3AC32654EEC10075B76D /* SceneDelegate.swift */ = {isa = PBXFileReference; lastKnownFileType = sourcecode.swift; path = SceneDelegate.swift; sourceTree = "<group>"; };
		C38A3AC52654EEC10075B76D /* ContentView.swift */ = {isa = PBXFileReference; lastKnownFileType = sourcecode.swift; path = ContentView.swift; sourceTree = "<group>"; };
		C38A3AC72654EEC20075B76D /* Assets.xcassets */ = {isa = PBXFileReference; lastKnownFileType = folder.assetcatalog; path = Assets.xcassets; sourceTree = "<group>"; };
		C38A3ACA2654EEC20075B76D /* Preview Assets.xcassets */ = {isa = PBXFileReference; lastKnownFileType = folder.assetcatalog; path = "Preview Assets.xcassets"; sourceTree = "<group>"; };
		C38A3ACD2654EEC20075B76D /* Base */ = {isa = PBXFileReference; lastKnownFileType = file.storyboard; name = Base; path = Base.lproj/LaunchScreen.storyboard; sourceTree = "<group>"; };
		C38A3ACF2654EEC20075B76D /* Info.plist */ = {isa = PBXFileReference; lastKnownFileType = text.plist.xml; path = Info.plist; sourceTree = "<group>"; };
		C38A3AD42654EEC20075B76D /* CinemaForMeTests.xctest */ = {isa = PBXFileReference; explicitFileType = wrapper.cfbundle; includeInIndex = 0; path = CinemaForMeTests.xctest; sourceTree = BUILT_PRODUCTS_DIR; };
		C38A3AD82654EEC20075B76D /* CinemaForMeTests.swift */ = {isa = PBXFileReference; lastKnownFileType = sourcecode.swift; path = CinemaForMeTests.swift; sourceTree = "<group>"; };
		C38A3ADA2654EEC20075B76D /* Info.plist */ = {isa = PBXFileReference; lastKnownFileType = text.plist.xml; path = Info.plist; sourceTree = "<group>"; };
		C38A3ADF2654EEC20075B76D /* CinemaForMeUITests.xctest */ = {isa = PBXFileReference; explicitFileType = wrapper.cfbundle; includeInIndex = 0; path = CinemaForMeUITests.xctest; sourceTree = BUILT_PRODUCTS_DIR; };
		C38A3AE32654EEC20075B76D /* CinemaForMeUITests.swift */ = {isa = PBXFileReference; lastKnownFileType = sourcecode.swift; path = CinemaForMeUITests.swift; sourceTree = "<group>"; };
		C38A3AE52654EEC20075B76D /* Info.plist */ = {isa = PBXFileReference; lastKnownFileType = text.plist.xml; path = Info.plist; sourceTree = "<group>"; };
/* End PBXFileReference section */

/* Begin PBXFrameworksBuildPhase section */
		C38A3ABB2654EEC10075B76D /* Frameworks */ = {
			isa = PBXFrameworksBuildPhase;
			buildActionMask = 2147483647;
			files = (
			);
			runOnlyForDeploymentPostprocessing = 0;
		};
		C38A3AD12654EEC20075B76D /* Frameworks */ = {
			isa = PBXFrameworksBuildPhase;
			buildActionMask = 2147483647;
			files = (
			);
			runOnlyForDeploymentPostprocessing = 0;
		};
		C38A3ADC2654EEC20075B76D /* Frameworks */ = {
			isa = PBXFrameworksBuildPhase;
			buildActionMask = 2147483647;
			files = (
			);
			runOnlyForDeploymentPostprocessing = 0;
		};
/* End PBXFrameworksBuildPhase section */

/* Begin PBXGroup section */
		C38A3AB52654EEC10075B76D = {
			isa = PBXGroup;
			children = (
				C38A3AC02654EEC10075B76D /* CinemaForMe */,
				C38A3AD72654EEC20075B76D /* CinemaForMeTests */,
				C38A3AE22654EEC20075B76D /* CinemaForMeUITests */,
				C38A3ABF2654EEC10075B76D /* Products */,
			);
			sourceTree = "<group>";
		};
		C38A3ABF2654EEC10075B76D /* Products */ = {
			isa = PBXGroup;
			children = (
				C38A3ABE2654EEC10075B76D /* CinemaForMe.app */,
				C38A3AD42654EEC20075B76D /* CinemaForMeTests.xctest */,
				C38A3ADF2654EEC20075B76D /* CinemaForMeUITests.xctest */,
			);
			name = Products;
			sourceTree = "<group>";
		};
		C38A3AC02654EEC10075B76D /* CinemaForMe */ = {
			isa = PBXGroup;
			children = (
				C38A3AC12654EEC10075B76D /* AppDelegate.swift */,
				C38A3AC32654EEC10075B76D /* SceneDelegate.swift */,
				C38A3AC52654EEC10075B76D /* ContentView.swift */,
				C38A3AC72654EEC20075B76D /* Assets.xcassets */,
				C38A3ACC2654EEC20075B76D /* LaunchScreen.storyboard */,
				C38A3ACF2654EEC20075B76D /* Info.plist */,
				C38A3AC92654EEC20075B76D /* Preview Content */,
			);
			path = CinemaForMe;
			sourceTree = "<group>";
		};
		C38A3AC92654EEC20075B76D /* Preview Content */ = {
			isa = PBXGroup;
			children = (
				C38A3ACA2654EEC20075B76D /* Preview Assets.xcassets */,
			);
			path = "Preview Content";
			sourceTree = "<group>";
		};
		C38A3AD72654EEC20075B76D /* CinemaForMeTests */ = {
			isa = PBXGroup;
			children = (
				C38A3AD82654EEC20075B76D /* CinemaForMeTests.swift */,
				C38A3ADA2654EEC20075B76D /* Info.plist */,
			);
			path = CinemaForMeTests;
			sourceTree = "<group>";
		};
		C38A3AE22654EEC20075B76D /* CinemaForMeUITests */ = {
			isa = PBXGroup;
			children = (
				C38A3AE32654EEC20075B76D /* CinemaForMeUITests.swift */,
				C38A3AE52654EEC20075B76D /* Info.plist */,
			);
			path = CinemaForMeUITests;
			sourceTree = "<group>";
		};
/* End PBXGroup section */

/* Begin PBXNativeTarget section */
		C38A3ABD2654EEC10075B76D /* CinemaForMe */ = {
			isa = PBXNativeTarget;
			buildConfigurationList = C38A3AE82654EEC20075B76D /* Build configuration list for PBXNativeTarget "CinemaForMe" */;
			buildPhases = (
				C38A3ABA2654EEC10075B76D /* Sources */,
				C38A3ABB2654EEC10075B76D /* Frameworks */,
				C38A3ABC2654EEC10075B76D /* Resources */,
			);
			buildRules = (
			);
			dependencies = (
			);
			name = CinemaForMe;
			productName = CinemaForMe;
			productReference = C38A3ABE2654EEC10075B76D /* CinemaForMe.app */;
			productType = "com.apple.product-type.application";
		};
		C38A3AD32654EEC20075B76D /* CinemaForMeTests */ = {
			isa = PBXNativeTarget;
			buildConfigurationList = C38A3AEB2654EEC20075B76D /* Build configuration list for PBXNativeTarget "CinemaForMeTests" */;
			buildPhases = (
				C38A3AD02654EEC20075B76D /* Sources */,
				C38A3AD12654EEC20075B76D /* Frameworks */,
				C38A3AD22654EEC20075B76D /* Resources */,
			);
			buildRules = (
			);
			dependencies = (
				C38A3AD62654EEC20075B76D /* PBXTargetDependency */,
			);
			name = CinemaForMeTests;
			productName = CinemaForMeTests;
			productReference = C38A3AD42654EEC20075B76D /* CinemaForMeTests.xctest */;
			productType = "com.apple.product-type.bundle.unit-test";
		};
		C38A3ADE2654EEC20075B76D /* CinemaForMeUITests */ = {
			isa = PBXNativeTarget;
			buildConfigurationList = C38A3AEE2654EEC20075B76D /* Build configuration list for PBXNativeTarget "CinemaForMeUITests" */;
			buildPhases = (
				C38A3ADB2654EEC20075B76D /* Sources */,
				C38A3ADC2654EEC20075B76D /* Frameworks */,
				C38A3ADD2654EEC20075B76D /* Resources */,
			);
			buildRules = (
			);
			dependencies = (
				C38A3AE12654EEC20075B76D /* PBXTargetDependency */,
			);
			name = CinemaForMeUITests;
			productName = CinemaForMeUITests;
			productReference = C38A3ADF2654EEC20075B76D /* CinemaForMeUITests.xctest */;
			productType = "com.apple.product-type.bundle.ui-testing";
		};
/* End PBXNativeTarget section */

/* Begin PBXProject section */
		C38A3AB62654EEC10075B76D /* Project object */ = {
			isa = PBXProject;
			attributes = {
				LastSwiftUpdateCheck = 1240;
				LastUpgradeCheck = 1240;
				TargetAttributes = {
					C38A3ABD2654EEC10075B76D = {
						CreatedOnToolsVersion = 12.4;
					};
					C38A3AD32654EEC20075B76D = {
						CreatedOnToolsVersion = 12.4;
						TestTargetID = C38A3ABD2654EEC10075B76D;
					};
					C38A3ADE2654EEC20075B76D = {
						CreatedOnToolsVersion = 12.4;
						TestTargetID = C38A3ABD2654EEC10075B76D;
					};
				};
			};
			buildConfigurationList = C38A3AB92654EEC10075B76D /* Build configuration list for PBXProject "CinemaForMe" */;
			compatibilityVersion = "Xcode 9.3";
			developmentRegion = en;
			hasScannedForEncodings = 0;
			knownRegions = (
				en,
				Base,
			);
			mainGroup = C38A3AB52654EEC10075B76D;
			productRefGroup = C38A3ABF2654EEC10075B76D /* Products */;
			projectDirPath = "";
			projectRoot = "";
			targets = (
				C38A3ABD2654EEC10075B76D /* CinemaForMe */,
				C38A3AD32654EEC20075B76D /* CinemaForMeTests */,
				C38A3ADE2654EEC20075B76D /* CinemaForMeUITests */,
			);
		};
/* End PBXProject section */

/* Begin PBXResourcesBuildPhase section */
		C38A3ABC2654EEC10075B76D /* Resources */ = {
			isa = PBXResourcesBuildPhase;
			buildActionMask = 2147483647;
			files = (
				C38A3ACE2654EEC20075B76D /* LaunchScreen.storyboard in Resources */,
				C38A3ACB2654EEC20075B76D /* Preview Assets.xcassets in Resources */,
				C38A3AC82654EEC20075B76D /* Assets.xcassets in Resources */,
			);
			runOnlyForDeploymentPostprocessing = 0;
		};
		C38A3AD22654EEC20075B76D /* Resources */ = {
			isa = PBXResourcesBuildPhase;
			buildActionMask = 2147483647;
			files = (
			);
			runOnlyForDeploymentPostprocessing = 0;
		};
		C38A3ADD2654EEC20075B76D /* Resources */ = {
			isa = PBXResourcesBuildPhase;
			buildActionMask = 2147483647;
			files = (
			);
			runOnlyForDeploymentPostprocessing = 0;
		};
/* End PBXResourcesBuildPhase section */

/* Begin PBXSourcesBuildPhase section */
		C38A3ABA2654EEC10075B76D /* Sources */ = {
			isa = PBXSourcesBuildPhase;
			buildActionMask = 2147483647;
			files = (
				C38A3AC22654EEC10075B76D /* AppDelegate.swift in Sources */,
				C38A3AC42654EEC10075B76D /* SceneDelegate.swift in Sources */,
				C38A3AC62654EEC10075B76D /* ContentView.swift in Sources */,
			);
			runOnlyForDeploymentPostprocessing = 0;
		};
		C38A3AD02654EEC20075B76D /* Sources */ = {
			isa = PBXSourcesBuildPhase;
			buildActionMask = 2147483647;
			files = (
				C38A3AD92654EEC20075B76D /* CinemaForMeTests.swift in Sources */,
			);
			runOnlyForDeploymentPostprocessing = 0;
		};
		C38A3ADB2654EEC20075B76D /* Sources */ = {
			isa = PBXSourcesBuildPhase;
			buildActionMask = 2147483647;
			files = (
				C38A3AE42654EEC20075B76D /* CinemaForMeUITests.swift in Sources */,
			);
			runOnlyForDeploymentPostprocessing = 0;
		};
/* End PBXSourcesBuildPhase section */

/* Begin PBXTargetDependency section */
		C38A3AD62654EEC20075B76D /* PBXTargetDependency */ = {
			isa = PBXTargetDependency;
			target = C38A3ABD2654EEC10075B76D /* CinemaForMe */;
			targetProxy = C38A3AD52654EEC20075B76D /* PBXContainerItemProxy */;
		};
		C38A3AE12654EEC20075B76D /* PBXTargetDependency */ = {
			isa = PBXTargetDependency;
			target = C38A3ABD2654EEC10075B76D /* CinemaForMe */;
			targetProxy = C38A3AE02654EEC20075B76D /* PBXContainerItemProxy */;
		};
/* End PBXTargetDependency section */

/* Begin PBXVariantGroup section */
		C38A3ACC2654EEC20075B76D /* LaunchScreen.storyboard */ = {
			isa = PBXVariantGroup;
			children = (
				C38A3ACD2654EEC20075B76D /* Base */,
			);
			name = LaunchScreen.storyboard;
			sourceTree = "<group>";
		};
/* End PBXVariantGroup section */

/* Begin XCBuildConfiguration section */
		C38A3AE62654EEC20075B76D /* Debug */ = {
			isa = XCBuildConfiguration;
			buildSettings = {
				ALWAYS_SEARCH_USER_PATHS = NO;
				CLANG_ANALYZER_NONNULL = YES;
				CLANG_ANALYZER_NUMBER_OBJECT_CONVERSION = YES_AGGRESSIVE;
				CLANG_CXX_LANGUAGE_STANDARD = "gnu++14";
				CLANG_CXX_LIBRARY = "libc++";
				CLANG_ENABLE_MODULES = YES;
				CLANG_ENABLE_OBJC_ARC = YES;
				CLANG_ENABLE_OBJC_WEAK = YES;
				CLANG_WARN_BLOCK_CAPTURE_AUTORELEASING = YES;
				CLANG_WARN_BOOL_CONVERSION = YES;
				CLANG_WARN_COMMA = YES;
				CLANG_WARN_CONSTANT_CONVERSION = YES;
				CLANG_WARN_DEPRECATED_OBJC_IMPLEMENTATIONS = YES;
				CLANG_WARN_DIRECT_OBJC_ISA_USAGE = YES_ERROR;
				CLANG_WARN_DOCUMENTATION_COMMENTS = YES;
				CLANG_WARN_EMPTY_BODY = YES;
				CLANG_WARN_ENUM_CONVERSION = YES;
				CLANG_WARN_INFINITE_RECURSION = YES;
				CLANG_WARN_INT_CONVERSION = YES;
				CLANG_WARN_NON_LITERAL_NULL_CONVERSION = YES;
				CLANG_WARN_OBJC_IMPLICIT_RETAIN_SELF = YES;
				CLANG_WARN_OBJC_LITERAL_CONVERSION = YES;
				CLANG_WARN_OBJC_ROOT_CLASS = YES_ERROR;
				CLANG_WARN_QUOTED_INCLUDE_IN_FRAMEWORK_HEADER = YES;
				CLANG_WARN_RANGE_LOOP_ANALYSIS = YES;
				CLANG_WARN_STRICT_PROTOTYPES = YES;
				CLANG_WARN_SUSPICIOUS_MOVE = YES;
				CLANG_WARN_UNGUARDED_AVAILABILITY = YES_AGGRESSIVE;
				CLANG_WARN_UNREACHABLE_CODE = YES;
				CLANG_WARN__DUPLICATE_METHOD_MATCH = YES;
				COPY_PHASE_STRIP = NO;
				DEBUG_INFORMATION_FORMAT = dwarf;
				ENABLE_STRICT_OBJC_MSGSEND = YES;
				ENABLE_TESTABILITY = YES;
				GCC_C_LANGUAGE_STANDARD = gnu11;
				GCC_DYNAMIC_NO_PIC = NO;
				GCC_NO_COMMON_BLOCKS = YES;
				GCC_OPTIMIZATION_LEVEL = 0;
				GCC_PREPROCESSOR_DEFINITIONS = (
					"DEBUG=1",
					"$(inherited)",
				);
				GCC_WARN_64_TO_32_BIT_CONVERSION = YES;
				GCC_WARN_ABOUT_RETURN_TYPE = YES_ERROR;
				GCC_WARN_UNDECLARED_SELECTOR = YES;
				GCC_WARN_UNINITIALIZED_AUTOS = YES_AGGRESSIVE;
				GCC_WARN_UNUSED_FUNCTION = YES;
				GCC_WARN_UNUSED_VARIABLE = YES;
				IPHONEOS_DEPLOYMENT_TARGET = 14.4;
				MTL_ENABLE_DEBUG_INFO = INCLUDE_SOURCE;
				MTL_FAST_MATH = YES;
				ONLY_ACTIVE_ARCH = YES;
				SDKROOT = iphoneos;
				SWIFT_ACTIVE_COMPILATION_CONDITIONS = DEBUG;
				SWIFT_OPTIMIZATION_LEVEL = "-Onone";
			};
			name = Debug;
		};
		C38A3AE72654EEC20075B76D /* Release */ = {
			isa = XCBuildConfiguration;
			buildSettings = {
				ALWAYS_SEARCH_USER_PATHS = NO;
				CLANG_ANALYZER_NONNULL = YES;
				CLANG_ANALYZER_NUMBER_OBJECT_CONVERSION = YES_AGGRESSIVE;
				CLANG_CXX_LANGUAGE_STANDARD = "gnu++14";
				CLANG_CXX_LIBRARY = "libc++";
				CLANG_ENABLE_MODULES = YES;
				CLANG_ENABLE_OBJC_ARC = YES;
				CLANG_ENABLE_OBJC_WEAK = YES;
				CLANG_WARN_BLOCK_CAPTURE_AUTORELEASING = YES;
				CLANG_WARN_BOOL_CONVERSION = YES;
				CLANG_WARN_COMMA = YES;
				CLANG_WARN_CONSTANT_CONVERSION = YES;
				CLANG_WARN_DEPRECATED_OBJC_IMPLEMENTATIONS = YES;
				CLANG_WARN_DIRECT_OBJC_ISA_USAGE = YES_ERROR;
				CLANG_WARN_DOCUMENTATION_COMMENTS = YES;
				CLANG_WARN_EMPTY_BODY = YES;
				CLANG_WARN_ENUM_CONVERSION = YES;
				CLANG_WARN_INFINITE_RECURSION = YES;
				CLANG_WARN_INT_CONVERSION = YES;
				CLANG_WARN_NON_LITERAL_NULL_CONVERSION = YES;
				CLANG_WARN_OBJC_IMPLICIT_RETAIN_SELF = YES;
				CLANG_WARN_OBJC_LITERAL_CONVERSION = YES;
				CLANG_WARN_OBJC_ROOT_CLASS = YES_ERROR;
				CLANG_WARN_QUOTED_INCLUDE_IN_FRAMEWORK_HEADER = YES;
				CLANG_WARN_RANGE_LOOP_ANALYSIS = YES;
				CLANG_WARN_STRICT_PROTOTYPES = YES;
				CLANG_WARN_SUSPICIOUS_MOVE = YES;
				CLANG_WARN_UNGUARDED_AVAILABILITY = YES_AGGRESSIVE;
				CLANG_WARN_UNREACHABLE_CODE = YES;
				CLANG_WARN__DUPLICATE_METHOD_MATCH = YES;
				COPY_PHASE_STRIP = NO;
				DEBUG_INFORMATION_FORMAT = "dwarf-with-dsym";
				ENABLE_NS_ASSERTIONS = NO;
				ENABLE_STRICT_OBJC_MSGSEND = YES;
				GCC_C_LANGUAGE_STANDARD = gnu11;
				GCC_NO_COMMON_BLOCKS = YES;
				GCC_WARN_64_TO_32_BIT_CONVERSION = YES;
				GCC_WARN_ABOUT_RETURN_TYPE = YES_ERROR;
				GCC_WARN_UNDECLARED_SELECTOR = YES;
				GCC_WARN_UNINITIALIZED_AUTOS = YES_AGGRESSIVE;
				GCC_WARN_UNUSED_FUNCTION = YES;
				GCC_WARN_UNUSED_VARIABLE = YES;
				IPHONEOS_DEPLOYMENT_TARGET = 14.4;
				MTL_ENABLE_DEBUG_INFO = NO;
				MTL_FAST_MATH = YES;
				SDKROOT = iphoneos;
				SWIFT_COMPILATION_MODE = wholemodule;
				SWIFT_OPTIMIZATION_LEVEL = "-O";
				VALIDATE_PRODUCT = YES;
			};
			name = Release;
		};
		C38A3AE92654EEC20075B76D /* Debug */ = {
			isa = XCBuildConfiguration;
			buildSettings = {
				ASSETCATALOG_COMPILER_APPICON_NAME = AppIcon;
				ASSETCATALOG_COMPILER_GLOBAL_ACCENT_COLOR_NAME = AccentColor;
				CODE_SIGN_STYLE = Automatic;
				DEVELOPMENT_ASSET_PATHS = "\"CinemaForMe/Preview Content\"";
				DEVELOPMENT_TEAM = J57NG2TQW7;
				ENABLE_PREVIEWS = YES;
				INFOPLIST_FILE = CinemaForMe/Info.plist;
				LD_RUNPATH_SEARCH_PATHS = (
					"$(inherited)",
					"@executable_path/Frameworks",
				);
				PRODUCT_BUNDLE_IDENTIFIER = kp11.CinemaForMe;
				PRODUCT_NAME = "$(TARGET_NAME)";
				SWIFT_VERSION = 5.0;
				TARGETED_DEVICE_FAMILY = "1,2";
			};
			name = Debug;
		};
		C38A3AEA2654EEC20075B76D /* Release */ = {
			isa = XCBuildConfiguration;
			buildSettings = {
				ASSETCATALOG_COMPILER_APPICON_NAME = AppIcon;
				ASSETCATALOG_COMPILER_GLOBAL_ACCENT_COLOR_NAME = AccentColor;
				CODE_SIGN_STYLE = Automatic;
				DEVELOPMENT_ASSET_PATHS = "\"CinemaForMe/Preview Content\"";
				DEVELOPMENT_TEAM = J57NG2TQW7;
				ENABLE_PREVIEWS = YES;
				INFOPLIST_FILE = CinemaForMe/Info.plist;
				LD_RUNPATH_SEARCH_PATHS = (
					"$(inherited)",
					"@executable_path/Frameworks",
				);
				PRODUCT_BUNDLE_IDENTIFIER = kp11.CinemaForMe;
				PRODUCT_NAME = "$(TARGET_NAME)";
				SWIFT_VERSION = 5.0;
				TARGETED_DEVICE_FAMILY = "1,2";
			};
			name = Release;
		};
		C38A3AEC2654EEC20075B76D /* Debug */ = {
			isa = XCBuildConfiguration;
			buildSettings = {
				ALWAYS_EMBED_SWIFT_STANDARD_LIBRARIES = YES;
				BUNDLE_LOADER = "$(TEST_HOST)";
				CODE_SIGN_STYLE = Automatic;
				DEVELOPMENT_TEAM = J57NG2TQW7;
				INFOPLIST_FILE = CinemaForMeTests/Info.plist;
				IPHONEOS_DEPLOYMENT_TARGET = 14.4;
				LD_RUNPATH_SEARCH_PATHS = (
					"$(inherited)",
					"@executable_path/Frameworks",
					"@loader_path/Frameworks",
				);
				PRODUCT_BUNDLE_IDENTIFIER = kp11.CinemaForMeTests;
				PRODUCT_NAME = "$(TARGET_NAME)";
				SWIFT_VERSION = 5.0;
				TARGETED_DEVICE_FAMILY = "1,2";
				TEST_HOST = "$(BUILT_PRODUCTS_DIR)/CinemaForMe.app/CinemaForMe";
			};
			name = Debug;
		};
		C38A3AED2654EEC20075B76D /* Release */ = {
			isa = XCBuildConfiguration;
			buildSettings = {
				ALWAYS_EMBED_SWIFT_STANDARD_LIBRARIES = YES;
				BUNDLE_LOADER = "$(TEST_HOST)";
				CODE_SIGN_STYLE = Automatic;
				DEVELOPMENT_TEAM = J57NG2TQW7;
				INFOPLIST_FILE = CinemaForMeTests/Info.plist;
				IPHONEOS_DEPLOYMENT_TARGET = 14.4;
				LD_RUNPATH_SEARCH_PATHS = (
					"$(inherited)",
					"@executable_path/Frameworks",
					"@loader_path/Frameworks",
				);
				PRODUCT_BUNDLE_IDENTIFIER = kp11.CinemaForMeTests;
				PRODUCT_NAME = "$(TARGET_NAME)";
				SWIFT_VERSION = 5.0;
				TARGETED_DEVICE_FAMILY = "1,2";
				TEST_HOST = "$(BUILT_PRODUCTS_DIR)/CinemaForMe.app/CinemaForMe";
			};
			name = Release;
		};
		C38A3AEF2654EEC20075B76D /* Debug */ = {
			isa = XCBuildConfiguration;
			buildSettings = {
				ALWAYS_EMBED_SWIFT_STANDARD_LIBRARIES = YES;
				CODE_SIGN_STYLE = Automatic;
				DEVELOPMENT_TEAM = J57NG2TQW7;
				INFOPLIST_FILE = CinemaForMeUITests/Info.plist;
				LD_RUNPATH_SEARCH_PATHS = (
					"$(inherited)",
					"@executable_path/Frameworks",
					"@loader_path/Frameworks",
				);
				PRODUCT_BUNDLE_IDENTIFIER = kp11.CinemaForMeUITests;
				PRODUCT_NAME = "$(TARGET_NAME)";
				SWIFT_VERSION = 5.0;
				TARGETED_DEVICE_FAMILY = "1,2";
				TEST_TARGET_NAME = CinemaForMe;
			};
			name = Debug;
		};
		C38A3AF02654EEC20075B76D /* Release */ = {
			isa = XCBuildConfiguration;
			buildSettings = {
				ALWAYS_EMBED_SWIFT_STANDARD_LIBRARIES = YES;
				CODE_SIGN_STYLE = Automatic;
				DEVELOPMENT_TEAM = J57NG2TQW7;
				INFOPLIST_FILE = CinemaForMeUITests/Info.plist;
				LD_RUNPATH_SEARCH_PATHS = (
					"$(inherited)",
					"@executable_path/Frameworks",
					"@loader_path/Frameworks",
				);
				PRODUCT_BUNDLE_IDENTIFIER = kp11.CinemaForMeUITests;
				PRODUCT_NAME = "$(TARGET_NAME)";
				SWIFT_VERSION = 5.0;
				TARGETED_DEVICE_FAMILY = "1,2";
				TEST_TARGET_NAME = CinemaForMe;
			};
			name = Release;
		};
/* End XCBuildConfiguration section */

/* Begin XCConfigurationList section */
		C38A3AB92654EEC10075B76D /* Build configuration list for PBXProject "CinemaForMe" */ = {
			isa = XCConfigurationList;
			buildConfigurations = (
				C38A3AE62654EEC20075B76D /* Debug */,
				C38A3AE72654EEC20075B76D /* Release */,
			);
			defaultConfigurationIsVisible = 0;
			defaultConfigurationName = Release;
		};
		C38A3AE82654EEC20075B76D /* Build configuration list for PBXNativeTarget "CinemaForMe" */ = {
			isa = XCConfigurationList;
			buildConfigurations = (
				C38A3AE92654EEC20075B76D /* Debug */,
				C38A3AEA2654EEC20075B76D /* Release */,
			);
			defaultConfigurationIsVisible = 0;
			defaultConfigurationName = Release;
		};
		C38A3AEB2654EEC20075B76D /* Build configuration list for PBXNativeTarget "CinemaForMeTests" */ = {
			isa = XCConfigurationList;
			buildConfigurations = (
				C38A3AEC2654EEC20075B76D /* Debug */,
				C38A3AED2654EEC20075B76D /* Release */,
			);
			defaultConfigurationIsVisible = 0;
			defaultConfigurationName = Release;
		};
		C38A3AEE2654EEC20075B76D /* Build configuration list for PBXNativeTarget "CinemaForMeUITests" */ = {
			isa = XCConfigurationList;
			buildConfigurations = (
				C38A3AEF2654EEC20075B76D /* Debug */,
				C38A3AF02654EEC20075B76D /* Release */,
			);
			defaultConfigurationIsVisible = 0;
			defaultConfigurationName = Release;
		};
/* End XCConfigurationList section */
	};
	rootObject = C38A3AB62654EEC10075B76D /* Project object */;
}
